
Microsoft Visual Studio Solution File, Format Version 12.00
# Visual Studio 15
VisualStudioVersion = 15.0.27004.2010
MinimumVisualStudioVersion = 10.0.40219.1
Project("{FAE04EC0-301F-11D3-BF4B-00C04F79EFBC}") = "Halite", "Halite\Halite.csproj", "{670C2953-95C3-493C-A39C-987105130378}"
EndProject
Project("{2150E333-8FDC-42A3-9474-1A3956D46DE8}") = ".paket", ".paket", "{E6CD43F1-0D49-4558-96BA-9B16C8423B89}"
	ProjectSection(SolutionItems) = preProject
		paket.dependencies = paket.dependencies
	EndProjectSection
EndProject
Global
	GlobalSection(SolutionConfigurationPlatforms) = preSolution
		Debug|Any CPU = Debug|Any CPU
		Release|Any CPU = Release|Any CPU
	EndGlobalSection
	GlobalSection(ProjectConfigurationPlatforms) = postSolution
		{670C2953-95C3-493C-A39C-987105130378}.Debug|Any CPU.ActiveCfg = Debug|Any CPU
		{670C2953-95C3-493C-A39C-987105130378}.Debug|Any CPU.Build.0 = Debug|Any CPU
		{670C2953-95C3-493C-A39C-987105130378}.Release|Any CPU.ActiveCfg = Release|Any CPU
		{670C2953-95C3-493C-A39C-987105130378}.Release|Any CPU.Build.0 = Release|Any CPU
	EndGlobalSection
	GlobalSection(SolutionProperties) = preSolution
		HideSolutionNode = FALSE
	EndGlobalSection
	GlobalSection(ExtensibilityGlobals) = postSolution
		SolutionGuid = {C2727B0A-D9E0-4298-A699-807636A2AB01}
	EndGlobalSection
EndGlobal
