
Microsoft Visual Studio Solution File, Format Version 12.00
# Visual Studio Version 16
VisualStudioVersion = 16.0.29411.108
MinimumVisualStudioVersion = 10.0.40219.1
Project("{2150E333-8FDC-42A3-9474-1A3956D46DE8}") = ".paket", ".paket", "{E6CD43F1-0D49-4558-96BA-9B16C8423B89}"
	ProjectSection(SolutionItems) = preProject
		..\paket.dependencies = ..\paket.dependencies
	EndProjectSection
EndProject
Project("{9A19103F-16F7-4668-BE54-9A1E7A4F7556}") = "Halite.Examples", "Halite.Examples\Halite.Examples.csproj", "{7024AE7A-7C53-43FD-9480-E24BF7B7E884}"
EndProject
Project("{9A19103F-16F7-4668-BE54-9A1E7A4F7556}") = "Halite", "Halite\Halite.csproj", "{E45ACD62-F9FF-45B2-B637-7505A6D38EEB}"
EndProject
Global
	GlobalSection(SolutionConfigurationPlatforms) = preSolution
		Debug|Any CPU = Debug|Any CPU
		Release|Any CPU = Release|Any CPU
	EndGlobalSection
	GlobalSection(ProjectConfigurationPlatforms) = postSolution
		{7024AE7A-7C53-43FD-9480-E24BF7B7E884}.Debug|Any CPU.ActiveCfg = Debug|Any CPU
		{7024AE7A-7C53-43FD-9480-E24BF7B7E884}.Debug|Any CPU.Build.0 = Debug|Any CPU
		{7024AE7A-7C53-43FD-9480-E24BF7B7E884}.Release|Any CPU.ActiveCfg = Release|Any CPU
		{7024AE7A-7C53-43FD-9480-E24BF7B7E884}.Release|Any CPU.Build.0 = Release|Any CPU
		{E45ACD62-F9FF-45B2-B637-7505A6D38EEB}.Debug|Any CPU.ActiveCfg = Debug|Any CPU
		{E45ACD62-F9FF-45B2-B637-7505A6D38EEB}.Debug|Any CPU.Build.0 = Debug|Any CPU
		{E45ACD62-F9FF-45B2-B637-7505A6D38EEB}.Release|Any CPU.ActiveCfg = Release|Any CPU
		{E45ACD62-F9FF-45B2-B637-7505A6D38EEB}.Release|Any CPU.Build.0 = Release|Any CPU
	EndGlobalSection
	GlobalSection(SolutionProperties) = preSolution
		HideSolutionNode = FALSE
	EndGlobalSection
	GlobalSection(ExtensibilityGlobals) = postSolution
		SolutionGuid = {C2727B0A-D9E0-4298-A699-807636A2AB01}
	EndGlobalSection
EndGlobal
